
Microsoft Visual Studio Solution File, Format Version 12.00
# Visual Studio Version 17
VisualStudioVersion = 17.11.35327.3
MinimumVisualStudioVersion = 10.0.40219.1
Project("{FAE04EC0-301F-11D3-BF4B-00C04F79EFBC}") = "ProyectoFinal", "ProyectoFinal\ProyectoFinal.csproj", "{9366F514-A94D-4E79-87AE-6DB5A365DC8C}"
EndProject
Global
	GlobalSection(SolutionConfigurationPlatforms) = preSolution
		Debug|Any CPU = Debug|Any CPU
		Release|Any CPU = Release|Any CPU
	EndGlobalSection
	GlobalSection(ProjectConfigurationPlatforms) = postSolution
		{9366F514-A94D-4E79-87AE-6DB5A365DC8C}.Debug|Any CPU.ActiveCfg = Debug|Any CPU
		{9366F514-A94D-4E79-87AE-6DB5A365DC8C}.Debug|Any CPU.Build.0 = Debug|Any CPU
		{9366F514-A94D-4E79-87AE-6DB5A365DC8C}.Release|Any CPU.ActiveCfg = Release|Any CPU
		{9366F514-A94D-4E79-87AE-6DB5A365DC8C}.Release|Any CPU.Build.0 = Release|Any CPU
	EndGlobalSection
	GlobalSection(SolutionProperties) = preSolution
		HideSolutionNode = FALSE
	EndGlobalSection
	GlobalSection(ExtensibilityGlobals) = postSolution
		SolutionGuid = {256A057E-86C6-4516-BAFA-68C13451DBE1}
	EndGlobalSection
EndGlobal
