
Microsoft Visual Studio Solution File, Format Version 12.00
# Visual Studio Version 17
VisualStudioVersion = 17.11.35219.272
MinimumVisualStudioVersion = 10.0.40219.1
Project("{9A19103F-16F7-4668-BE54-9A1E7A4F7556}") = "Laboratorio121", "Laboratorio12\Laboratorio121.csproj", "{0284B7B8-243C-4B90-8CCF-661D2C86F6B4}"
EndProject
Project("{FAE04EC0-301F-11D3-BF4B-00C04F79EFBC}") = "Laboratorio122", "Laboratorio122\Laboratorio122.csproj", "{FCA7CC42-42EB-4B13-8023-69B060E33306}"
EndProject
Project("{FAE04EC0-301F-11D3-BF4B-00C04F79EFBC}") = "Laboratorio123", "Laboratorio123\Laboratorio123.csproj", "{A274DA66-B793-4E73-8B93-6B4B3CC2AE8C}"
EndProject
Global
	GlobalSection(SolutionConfigurationPlatforms) = preSolution
		Debug|Any CPU = Debug|Any CPU
		Release|Any CPU = Release|Any CPU
	EndGlobalSection
	GlobalSection(ProjectConfigurationPlatforms) = postSolution
		{0284B7B8-243C-4B90-8CCF-661D2C86F6B4}.Debug|Any CPU.ActiveCfg = Debug|Any CPU
		{0284B7B8-243C-4B90-8CCF-661D2C86F6B4}.Debug|Any CPU.Build.0 = Debug|Any CPU
		{0284B7B8-243C-4B90-8CCF-661D2C86F6B4}.Release|Any CPU.ActiveCfg = Release|Any CPU
		{0284B7B8-243C-4B90-8CCF-661D2C86F6B4}.Release|Any CPU.Build.0 = Release|Any CPU
		{FCA7CC42-42EB-4B13-8023-69B060E33306}.Debug|Any CPU.ActiveCfg = Debug|Any CPU
		{FCA7CC42-42EB-4B13-8023-69B060E33306}.Debug|Any CPU.Build.0 = Debug|Any CPU
		{FCA7CC42-42EB-4B13-8023-69B060E33306}.Release|Any CPU.ActiveCfg = Release|Any CPU
		{FCA7CC42-42EB-4B13-8023-69B060E33306}.Release|Any CPU.Build.0 = Release|Any CPU
		{A274DA66-B793-4E73-8B93-6B4B3CC2AE8C}.Debug|Any CPU.ActiveCfg = Debug|Any CPU
		{A274DA66-B793-4E73-8B93-6B4B3CC2AE8C}.Debug|Any CPU.Build.0 = Debug|Any CPU
		{A274DA66-B793-4E73-8B93-6B4B3CC2AE8C}.Release|Any CPU.ActiveCfg = Release|Any CPU
		{A274DA66-B793-4E73-8B93-6B4B3CC2AE8C}.Release|Any CPU.Build.0 = Release|Any CPU
	EndGlobalSection
	GlobalSection(SolutionProperties) = preSolution
		HideSolutionNode = FALSE
	EndGlobalSection
	GlobalSection(ExtensibilityGlobals) = postSolution
		SolutionGuid = {76BBB23E-9643-4056-9EC0-0B30C91B711E}
	EndGlobalSection
EndGlobal
